
Microsoft Visual Studio Solution File, Format Version 12.00
# Visual Studio Version 16
VisualStudioVersion = 16.0.29920.165
MinimumVisualStudioVersion = 10.0.40219.1
Project("{FAE04EC0-301F-11D3-BF4B-00C04F79EFBC}") = "Fluid.UI.Avalonia", "..\sources\Fluid.UI.Avalonia\Fluid.UI.Avalonia.csproj", "{D9171D2B-3C3E-4B49-AA03-4305D72167CE}"
EndProject
Project("{FAE04EC0-301F-11D3-BF4B-00C04F79EFBC}") = "Fluid.UI.Avalonia.Showcase", "..\sources\Fluid.UI.Avalonia.Showcase\Fluid.UI.Avalonia.Showcase.csproj", "{E1F2AE65-5984-49D3-9936-9262C813983F}"
EndProject
Global
	GlobalSection(SolutionConfigurationPlatforms) = preSolution
		Debug|Any CPU = Debug|Any CPU
		Release|Any CPU = Release|Any CPU
	EndGlobalSection
	GlobalSection(ProjectConfigurationPlatforms) = postSolution
		{D9171D2B-3C3E-4B49-AA03-4305D72167CE}.Debug|Any CPU.ActiveCfg = Debug|Any CPU
		{D9171D2B-3C3E-4B49-AA03-4305D72167CE}.Debug|Any CPU.Build.0 = Debug|Any CPU
		{D9171D2B-3C3E-4B49-AA03-4305D72167CE}.Release|Any CPU.ActiveCfg = Release|Any CPU
		{D9171D2B-3C3E-4B49-AA03-4305D72167CE}.Release|Any CPU.Build.0 = Release|Any CPU
		{E1F2AE65-5984-49D3-9936-9262C813983F}.Debug|Any CPU.ActiveCfg = Debug|Any CPU
		{E1F2AE65-5984-49D3-9936-9262C813983F}.Debug|Any CPU.Build.0 = Debug|Any CPU
		{E1F2AE65-5984-49D3-9936-9262C813983F}.Release|Any CPU.ActiveCfg = Release|Any CPU
		{E1F2AE65-5984-49D3-9936-9262C813983F}.Release|Any CPU.Build.0 = Release|Any CPU
	EndGlobalSection
	GlobalSection(SolutionProperties) = preSolution
		HideSolutionNode = FALSE
	EndGlobalSection
	GlobalSection(ExtensibilityGlobals) = postSolution
		SolutionGuid = {460996F2-AE58-4A57-A19C-4FC49DD35505}
	EndGlobalSection
EndGlobal
