
Microsoft Visual Studio Solution File, Format Version 12.00
# Visual Studio Version 16
VisualStudioVersion = 16.0.29920.165
MinimumVisualStudioVersion = 10.0.40219.1
Project("{9A19103F-16F7-4668-BE54-9A1E7A4F7556}") = "Fluid.UI.Avalonia", "..\sources\Fluid.UI.Avalonia\Fluid.UI.Avalonia.csproj", "{B9D8FE94-4815-4B32-A8C8-1F7C27FD1EE1}"
EndProject
Global
	GlobalSection(SolutionConfigurationPlatforms) = preSolution
		Debug|Any CPU = Debug|Any CPU
		Release|Any CPU = Release|Any CPU
	EndGlobalSection
	GlobalSection(ProjectConfigurationPlatforms) = postSolution
		{B9D8FE94-4815-4B32-A8C8-1F7C27FD1EE1}.Debug|Any CPU.ActiveCfg = Debug|Any CPU
		{B9D8FE94-4815-4B32-A8C8-1F7C27FD1EE1}.Debug|Any CPU.Build.0 = Debug|Any CPU
		{B9D8FE94-4815-4B32-A8C8-1F7C27FD1EE1}.Release|Any CPU.ActiveCfg = Release|Any CPU
		{B9D8FE94-4815-4B32-A8C8-1F7C27FD1EE1}.Release|Any CPU.Build.0 = Release|Any CPU
	EndGlobalSection
	GlobalSection(SolutionProperties) = preSolution
		HideSolutionNode = FALSE
	EndGlobalSection
	GlobalSection(ExtensibilityGlobals) = postSolution
		SolutionGuid = {460996F2-AE58-4A57-A19C-4FC49DD35505}
	EndGlobalSection
EndGlobal
