
Microsoft Visual Studio Solution File, Format Version 12.00
# Visual Studio Version 16
VisualStudioVersion = 16.0.29920.165
MinimumVisualStudioVersion = 10.0.40219.1
Project("{9A19103F-16F7-4668-BE54-9A1E7A4F7556}") = "Waves.UI.Avalonia", "..\sources\Waves.UI.Avalonia\Waves.UI.Avalonia.csproj", "{67BCBEEE-03DE-473A-AB2E-5CBB0D69B263}"
EndProject
Project("{2150E333-8FDC-42A3-9474-1A3956D46DE8}") = "Showcase", "Showcase", "{294F7D7F-63B3-435D-869F-C68A47E65574}"
EndProject
Project("{2150E333-8FDC-42A3-9474-1A3956D46DE8}") = "Core", "Core", "{F6354FC1-2C6C-4DCE-9611-F7443A2C8A97}"
EndProject
Project("{2150E333-8FDC-42A3-9474-1A3956D46DE8}") = "UI", "UI", "{DF5319A0-B32B-4AF1-B1A3-76A0D1ACB52B}"
EndProject
Project("{9A19103F-16F7-4668-BE54-9A1E7A4F7556}") = "Waves.UI", "..\submodules\ui\sources\Waves.UI\Waves.UI.csproj", "{4E3F7A8A-4295-4297-B361-D603918BE3F9}"
EndProject
Project("{9A19103F-16F7-4668-BE54-9A1E7A4F7556}") = "Waves.Core", "..\submodules\ui\submodules\core\sources\Waves.Core\Waves.Core.csproj", "{C31193CC-5AD0-4DAA-8688-74512F5B7A75}"
EndProject
Project("{2150E333-8FDC-42A3-9474-1A3956D46DE8}") = "Plugins", "Plugins", "{792FBAC6-5504-44C4-B5BD-EA876ADD9A8A}"
EndProject
Project("{2150E333-8FDC-42A3-9474-1A3956D46DE8}") = "Services", "Services", "{C28EF57C-F1EE-4A78-A914-776AA8733F8E}"
EndProject
Project("{9A19103F-16F7-4668-BE54-9A1E7A4F7556}") = "Waves.Core.Plugins.Services.Log.Console", "..\submodules\ui\submodules\core\sources\Waves.Core.Plugins.Services.Log.Console\Waves.Core.Plugins.Services.Log.Console.csproj", "{0DB92572-B5CC-4727-B19F-962CA0244BB7}"
EndProject
Project("{9A19103F-16F7-4668-BE54-9A1E7A4F7556}") = "Waves.Core.Plugins.Services.Log.NLog", "..\submodules\ui\submodules\core\sources\Waves.Core.Plugins.Services.Log.NLog\Waves.Core.Plugins.Services.Log.NLog.csproj", "{5A4D8D11-E89A-4946-871B-05FF10F5BA80}"
EndProject
Project("{9A19103F-16F7-4668-BE54-9A1E7A4F7556}") = "Waves.UI.Showcase.Common", "..\submodules\ui.showcase.common\sources\Waves.UI.Showcase.Common\Waves.UI.Showcase.Common.csproj", "{97B4B5F0-1888-4DB6-A4BD-5DB4E2F1D3DF}"
EndProject
Global
	GlobalSection(SolutionConfigurationPlatforms) = preSolution
		Debug|Any CPU = Debug|Any CPU
		Debug|x64 = Debug|x64
		Debug|x86 = Debug|x86
		Release|Any CPU = Release|Any CPU
		Release|x64 = Release|x64
		Release|x86 = Release|x86
	EndGlobalSection
	GlobalSection(ProjectConfigurationPlatforms) = postSolution
		{67BCBEEE-03DE-473A-AB2E-5CBB0D69B263}.Debug|Any CPU.ActiveCfg = Debug|Any CPU
		{67BCBEEE-03DE-473A-AB2E-5CBB0D69B263}.Debug|Any CPU.Build.0 = Debug|Any CPU
		{67BCBEEE-03DE-473A-AB2E-5CBB0D69B263}.Debug|x64.ActiveCfg = Debug|Any CPU
		{67BCBEEE-03DE-473A-AB2E-5CBB0D69B263}.Debug|x64.Build.0 = Debug|Any CPU
		{67BCBEEE-03DE-473A-AB2E-5CBB0D69B263}.Debug|x86.ActiveCfg = Debug|Any CPU
		{67BCBEEE-03DE-473A-AB2E-5CBB0D69B263}.Debug|x86.Build.0 = Debug|Any CPU
		{67BCBEEE-03DE-473A-AB2E-5CBB0D69B263}.Release|Any CPU.ActiveCfg = Release|Any CPU
		{67BCBEEE-03DE-473A-AB2E-5CBB0D69B263}.Release|Any CPU.Build.0 = Release|Any CPU
		{67BCBEEE-03DE-473A-AB2E-5CBB0D69B263}.Release|x64.ActiveCfg = Release|Any CPU
		{67BCBEEE-03DE-473A-AB2E-5CBB0D69B263}.Release|x64.Build.0 = Release|Any CPU
		{67BCBEEE-03DE-473A-AB2E-5CBB0D69B263}.Release|x86.ActiveCfg = Release|Any CPU
		{67BCBEEE-03DE-473A-AB2E-5CBB0D69B263}.Release|x86.Build.0 = Release|Any CPU
		{4E3F7A8A-4295-4297-B361-D603918BE3F9}.Debug|Any CPU.ActiveCfg = Debug|Any CPU
		{4E3F7A8A-4295-4297-B361-D603918BE3F9}.Debug|Any CPU.Build.0 = Debug|Any CPU
		{4E3F7A8A-4295-4297-B361-D603918BE3F9}.Debug|x64.ActiveCfg = Debug|x64
		{4E3F7A8A-4295-4297-B361-D603918BE3F9}.Debug|x64.Build.0 = Debug|x64
		{4E3F7A8A-4295-4297-B361-D603918BE3F9}.Debug|x86.ActiveCfg = Debug|x86
		{4E3F7A8A-4295-4297-B361-D603918BE3F9}.Debug|x86.Build.0 = Debug|x86
		{4E3F7A8A-4295-4297-B361-D603918BE3F9}.Release|Any CPU.ActiveCfg = Release|Any CPU
		{4E3F7A8A-4295-4297-B361-D603918BE3F9}.Release|Any CPU.Build.0 = Release|Any CPU
		{4E3F7A8A-4295-4297-B361-D603918BE3F9}.Release|x64.ActiveCfg = Release|x64
		{4E3F7A8A-4295-4297-B361-D603918BE3F9}.Release|x64.Build.0 = Release|x64
		{4E3F7A8A-4295-4297-B361-D603918BE3F9}.Release|x86.ActiveCfg = Release|x86
		{4E3F7A8A-4295-4297-B361-D603918BE3F9}.Release|x86.Build.0 = Release|x86
		{C31193CC-5AD0-4DAA-8688-74512F5B7A75}.Debug|Any CPU.ActiveCfg = Debug|Any CPU
		{C31193CC-5AD0-4DAA-8688-74512F5B7A75}.Debug|Any CPU.Build.0 = Debug|Any CPU
		{C31193CC-5AD0-4DAA-8688-74512F5B7A75}.Debug|x64.ActiveCfg = Debug|x64
		{C31193CC-5AD0-4DAA-8688-74512F5B7A75}.Debug|x64.Build.0 = Debug|x64
		{C31193CC-5AD0-4DAA-8688-74512F5B7A75}.Debug|x86.ActiveCfg = Debug|x86
		{C31193CC-5AD0-4DAA-8688-74512F5B7A75}.Debug|x86.Build.0 = Debug|x86
		{C31193CC-5AD0-4DAA-8688-74512F5B7A75}.Release|Any CPU.ActiveCfg = Release|Any CPU
		{C31193CC-5AD0-4DAA-8688-74512F5B7A75}.Release|Any CPU.Build.0 = Release|Any CPU
		{C31193CC-5AD0-4DAA-8688-74512F5B7A75}.Release|x64.ActiveCfg = Release|x64
		{C31193CC-5AD0-4DAA-8688-74512F5B7A75}.Release|x64.Build.0 = Release|x64
		{C31193CC-5AD0-4DAA-8688-74512F5B7A75}.Release|x86.ActiveCfg = Release|x86
		{C31193CC-5AD0-4DAA-8688-74512F5B7A75}.Release|x86.Build.0 = Release|x86
		{0DB92572-B5CC-4727-B19F-962CA0244BB7}.Debug|Any CPU.ActiveCfg = Debug|Any CPU
		{0DB92572-B5CC-4727-B19F-962CA0244BB7}.Debug|Any CPU.Build.0 = Debug|Any CPU
		{0DB92572-B5CC-4727-B19F-962CA0244BB7}.Debug|x64.ActiveCfg = Debug|x64
		{0DB92572-B5CC-4727-B19F-962CA0244BB7}.Debug|x64.Build.0 = Debug|x64
		{0DB92572-B5CC-4727-B19F-962CA0244BB7}.Debug|x86.ActiveCfg = Debug|x86
		{0DB92572-B5CC-4727-B19F-962CA0244BB7}.Debug|x86.Build.0 = Debug|x86
		{0DB92572-B5CC-4727-B19F-962CA0244BB7}.Release|Any CPU.ActiveCfg = Release|Any CPU
		{0DB92572-B5CC-4727-B19F-962CA0244BB7}.Release|Any CPU.Build.0 = Release|Any CPU
		{0DB92572-B5CC-4727-B19F-962CA0244BB7}.Release|x64.ActiveCfg = Release|x64
		{0DB92572-B5CC-4727-B19F-962CA0244BB7}.Release|x64.Build.0 = Release|x64
		{0DB92572-B5CC-4727-B19F-962CA0244BB7}.Release|x86.ActiveCfg = Release|x86
		{0DB92572-B5CC-4727-B19F-962CA0244BB7}.Release|x86.Build.0 = Release|x86
		{5A4D8D11-E89A-4946-871B-05FF10F5BA80}.Debug|Any CPU.ActiveCfg = Debug|Any CPU
		{5A4D8D11-E89A-4946-871B-05FF10F5BA80}.Debug|Any CPU.Build.0 = Debug|Any CPU
		{5A4D8D11-E89A-4946-871B-05FF10F5BA80}.Debug|x64.ActiveCfg = Debug|x64
		{5A4D8D11-E89A-4946-871B-05FF10F5BA80}.Debug|x64.Build.0 = Debug|x64
		{5A4D8D11-E89A-4946-871B-05FF10F5BA80}.Debug|x86.ActiveCfg = Debug|x86
		{5A4D8D11-E89A-4946-871B-05FF10F5BA80}.Debug|x86.Build.0 = Debug|x86
		{5A4D8D11-E89A-4946-871B-05FF10F5BA80}.Release|Any CPU.ActiveCfg = Release|Any CPU
		{5A4D8D11-E89A-4946-871B-05FF10F5BA80}.Release|Any CPU.Build.0 = Release|Any CPU
		{5A4D8D11-E89A-4946-871B-05FF10F5BA80}.Release|x64.ActiveCfg = Release|x64
		{5A4D8D11-E89A-4946-871B-05FF10F5BA80}.Release|x64.Build.0 = Release|x64
		{5A4D8D11-E89A-4946-871B-05FF10F5BA80}.Release|x86.ActiveCfg = Release|x86
		{5A4D8D11-E89A-4946-871B-05FF10F5BA80}.Release|x86.Build.0 = Release|x86
		{97B4B5F0-1888-4DB6-A4BD-5DB4E2F1D3DF}.Debug|Any CPU.ActiveCfg = Debug|Any CPU
		{97B4B5F0-1888-4DB6-A4BD-5DB4E2F1D3DF}.Debug|Any CPU.Build.0 = Debug|Any CPU
		{97B4B5F0-1888-4DB6-A4BD-5DB4E2F1D3DF}.Debug|x64.ActiveCfg = Debug|x64
		{97B4B5F0-1888-4DB6-A4BD-5DB4E2F1D3DF}.Debug|x64.Build.0 = Debug|x64
		{97B4B5F0-1888-4DB6-A4BD-5DB4E2F1D3DF}.Debug|x86.ActiveCfg = Debug|x86
		{97B4B5F0-1888-4DB6-A4BD-5DB4E2F1D3DF}.Debug|x86.Build.0 = Debug|x86
		{97B4B5F0-1888-4DB6-A4BD-5DB4E2F1D3DF}.Release|Any CPU.ActiveCfg = Release|Any CPU
		{97B4B5F0-1888-4DB6-A4BD-5DB4E2F1D3DF}.Release|Any CPU.Build.0 = Release|Any CPU
		{97B4B5F0-1888-4DB6-A4BD-5DB4E2F1D3DF}.Release|x64.ActiveCfg = Release|x64
		{97B4B5F0-1888-4DB6-A4BD-5DB4E2F1D3DF}.Release|x64.Build.0 = Release|x64
		{97B4B5F0-1888-4DB6-A4BD-5DB4E2F1D3DF}.Release|x86.ActiveCfg = Release|x86
		{97B4B5F0-1888-4DB6-A4BD-5DB4E2F1D3DF}.Release|x86.Build.0 = Release|x86
	EndGlobalSection
	GlobalSection(SolutionProperties) = preSolution
		HideSolutionNode = FALSE
	EndGlobalSection
	GlobalSection(NestedProjects) = preSolution
		{4E3F7A8A-4295-4297-B361-D603918BE3F9} = {DF5319A0-B32B-4AF1-B1A3-76A0D1ACB52B}
		{C31193CC-5AD0-4DAA-8688-74512F5B7A75} = {F6354FC1-2C6C-4DCE-9611-F7443A2C8A97}
		{792FBAC6-5504-44C4-B5BD-EA876ADD9A8A} = {F6354FC1-2C6C-4DCE-9611-F7443A2C8A97}
		{C28EF57C-F1EE-4A78-A914-776AA8733F8E} = {792FBAC6-5504-44C4-B5BD-EA876ADD9A8A}
		{0DB92572-B5CC-4727-B19F-962CA0244BB7} = {C28EF57C-F1EE-4A78-A914-776AA8733F8E}
		{5A4D8D11-E89A-4946-871B-05FF10F5BA80} = {C28EF57C-F1EE-4A78-A914-776AA8733F8E}
		{97B4B5F0-1888-4DB6-A4BD-5DB4E2F1D3DF} = {294F7D7F-63B3-435D-869F-C68A47E65574}
	EndGlobalSection
	GlobalSection(ExtensibilityGlobals) = postSolution
		SolutionGuid = {460996F2-AE58-4A57-A19C-4FC49DD35505}
	EndGlobalSection
EndGlobal
